{
  "name": "everyai-core",
  "version": "0.0.1",
  "lockfileVersion": 3,
  "requires": true,
  "packages": {
    "": {
      "name": "everyai-core",
      "version": "0.0.1",
      "license": "MIT",
      "dependencies": {
        "everyai-core": "^0.0.1"
      }
    },
    "node_modules/everyai-core": {
      "version": "0.0.1",
      "resolved": "https://registry.npmjs.org/everyai-core/-/everyai-core-0.0.1.tgz",
      "integrity": "sha512-Upbld64Nk/HRWWA0/xMZVgNvPpssXNIPqI/WWSqzCAFZ3dptPOnlnf7lYB1MdX5YfzzigqF5qbFjSZW8gXqP0Q==",
      "license": "MIT"
    }
  }
}
